
Microsoft Visual Studio Solution File, Format Version 12.00
# Visual Studio Version 17
VisualStudioVersion = 17.3.32825.248
MinimumVisualStudioVersion = 10.0.40219.1
Project("{FAE04EC0-301F-11D3-BF4B-00C04F79EFBC}") = "Advent Of Code 07", "Advent Of Code 07.csproj", "{8F176DF0-5351-4991-A9F7-EA96B2549FD7}"
EndProject
Global
	GlobalSection(SolutionConfigurationPlatforms) = preSolution
		Debug|Any CPU = Debug|Any CPU
		Release|Any CPU = Release|Any CPU
	EndGlobalSection
	GlobalSection(ProjectConfigurationPlatforms) = postSolution
		{8F176DF0-5351-4991-A9F7-EA96B2549FD7}.Debug|Any CPU.ActiveCfg = Debug|Any CPU
		{8F176DF0-5351-4991-A9F7-EA96B2549FD7}.Debug|Any CPU.Build.0 = Debug|Any CPU
		{8F176DF0-5351-4991-A9F7-EA96B2549FD7}.Release|Any CPU.ActiveCfg = Release|Any CPU
		{8F176DF0-5351-4991-A9F7-EA96B2549FD7}.Release|Any CPU.Build.0 = Release|Any CPU
	EndGlobalSection
	GlobalSection(SolutionProperties) = preSolution
		HideSolutionNode = FALSE
	EndGlobalSection
	GlobalSection(ExtensibilityGlobals) = postSolution
		SolutionGuid = {3D293266-F9EA-47B7-BA36-99404D02E755}
	EndGlobalSection
EndGlobal
